
Microsoft Visual Studio Solution File, Format Version 12.00
# Visual Studio 14
VisualStudioVersion = 14.0.24720.0
MinimumVisualStudioVersion = 10.0.40219.1
Project("{FAE04EC0-301F-11D3-BF4B-00C04F79EFBC}") = "ShippingPlatform.Model", "ShippingPlatform\ShippingPlatform.Model.csproj", "{96DDEF58-1925-4CD0-8C54-60839FD3F312}"
EndProject
Project("{FAE04EC0-301F-11D3-BF4B-00C04F79EFBC}") = "ShippingPlatform.Database", "ShippingPlatform.Database\ShippingPlatform.Database.csproj", "{3593AE9D-ADB3-4924-BDCE-F34CC1DFF96F}"
EndProject
Project("{FAE04EC0-301F-11D3-BF4B-00C04F79EFBC}") = "DatabaseTest", "DatabaseTest\DatabaseTest.csproj", "{BF9217C9-2303-4912-BFD4-8146A69897C4}"
EndProject
Project("{FAE04EC0-301F-11D3-BF4B-00C04F79EFBC}") = "WebService", "WebService\WebService.csproj", "{06BC6B0D-7342-4081-BDF7-142787E219C3}"
EndProject
Project("{FAE04EC0-301F-11D3-BF4B-00C04F79EFBC}") = "ShippingPlatform.Tests", "ShippingPlatform.Tests\ShippingPlatform.Tests.csproj", "{E112E223-CCBB-42A9-A10D-8A8EFDB5E0E7}"
EndProject
Project("{FAE04EC0-301F-11D3-BF4B-00C04F79EFBC}") = "ShippingPlatform.Manager", "ShippingPlatform.Manager\ShippingPlatform.Manager.csproj", "{04A1EEA2-2BB5-4835-AAB5-7F17DD6F1CF8}"
EndProject
Global
	GlobalSection(SolutionConfigurationPlatforms) = preSolution
		Debug|Any CPU = Debug|Any CPU
		Release|Any CPU = Release|Any CPU
	EndGlobalSection
	GlobalSection(ProjectConfigurationPlatforms) = postSolution
		{96DDEF58-1925-4CD0-8C54-60839FD3F312}.Debug|Any CPU.ActiveCfg = Debug|Any CPU
		{96DDEF58-1925-4CD0-8C54-60839FD3F312}.Debug|Any CPU.Build.0 = Debug|Any CPU
		{96DDEF58-1925-4CD0-8C54-60839FD3F312}.Release|Any CPU.ActiveCfg = Release|Any CPU
		{96DDEF58-1925-4CD0-8C54-60839FD3F312}.Release|Any CPU.Build.0 = Release|Any CPU
		{3593AE9D-ADB3-4924-BDCE-F34CC1DFF96F}.Debug|Any CPU.ActiveCfg = Debug|Any CPU
		{3593AE9D-ADB3-4924-BDCE-F34CC1DFF96F}.Debug|Any CPU.Build.0 = Debug|Any CPU
		{3593AE9D-ADB3-4924-BDCE-F34CC1DFF96F}.Release|Any CPU.ActiveCfg = Release|Any CPU
		{3593AE9D-ADB3-4924-BDCE-F34CC1DFF96F}.Release|Any CPU.Build.0 = Release|Any CPU
		{BF9217C9-2303-4912-BFD4-8146A69897C4}.Debug|Any CPU.ActiveCfg = Debug|Any CPU
		{BF9217C9-2303-4912-BFD4-8146A69897C4}.Debug|Any CPU.Build.0 = Debug|Any CPU
		{BF9217C9-2303-4912-BFD4-8146A69897C4}.Release|Any CPU.ActiveCfg = Release|Any CPU
		{BF9217C9-2303-4912-BFD4-8146A69897C4}.Release|Any CPU.Build.0 = Release|Any CPU
		{06BC6B0D-7342-4081-BDF7-142787E219C3}.Debug|Any CPU.ActiveCfg = Debug|Any CPU
		{06BC6B0D-7342-4081-BDF7-142787E219C3}.Debug|Any CPU.Build.0 = Debug|Any CPU
		{06BC6B0D-7342-4081-BDF7-142787E219C3}.Release|Any CPU.ActiveCfg = Release|Any CPU
		{06BC6B0D-7342-4081-BDF7-142787E219C3}.Release|Any CPU.Build.0 = Release|Any CPU
		{E112E223-CCBB-42A9-A10D-8A8EFDB5E0E7}.Debug|Any CPU.ActiveCfg = Debug|Any CPU
		{E112E223-CCBB-42A9-A10D-8A8EFDB5E0E7}.Debug|Any CPU.Build.0 = Debug|Any CPU
		{E112E223-CCBB-42A9-A10D-8A8EFDB5E0E7}.Release|Any CPU.ActiveCfg = Release|Any CPU
		{E112E223-CCBB-42A9-A10D-8A8EFDB5E0E7}.Release|Any CPU.Build.0 = Release|Any CPU
		{04A1EEA2-2BB5-4835-AAB5-7F17DD6F1CF8}.Debug|Any CPU.ActiveCfg = Debug|Any CPU
		{04A1EEA2-2BB5-4835-AAB5-7F17DD6F1CF8}.Debug|Any CPU.Build.0 = Debug|Any CPU
		{04A1EEA2-2BB5-4835-AAB5-7F17DD6F1CF8}.Release|Any CPU.ActiveCfg = Release|Any CPU
		{04A1EEA2-2BB5-4835-AAB5-7F17DD6F1CF8}.Release|Any CPU.Build.0 = Release|Any CPU
	EndGlobalSection
	GlobalSection(SolutionProperties) = preSolution
		HideSolutionNode = FALSE
	EndGlobalSection
EndGlobal
